
Microsoft Visual Studio Solution File, Format Version 12.00
# Visual Studio Version 17
VisualStudioVersion = 17.3.32825.248
MinimumVisualStudioVersion = 10.0.40219.1
Project("{FAE04EC0-301F-11D3-BF4B-00C04F79EFBC}") = "CatchSmart", "CatchSmart\CatchSmart.csproj", "{31C72C4A-70F0-48A7-918F-424F5ADBCF0A}"
EndProject
Project("{FAE04EC0-301F-11D3-BF4B-00C04F79EFBC}") = "CatchSmart.Db", "CatchSmart.Db\CatchSmart.Db.csproj", "{ABFD3C77-EE56-490A-945A-35C840E8FE75}"
EndProject
Project("{FAE04EC0-301F-11D3-BF4B-00C04F79EFBC}") = "CatchSmart.Core", "CatchSmart.Core\CatchSmart.Core.csproj", "{74A22016-F2FA-4973-82B7-ED7353710269}"
EndProject
Project("{FAE04EC0-301F-11D3-BF4B-00C04F79EFBC}") = "CatchSmart.Service", "CatchSmart.Service\CatchSmart.Service.csproj", "{E724FAE4-9312-4174-92DD-6BF251F705A5}"
EndProject
Project("{FAE04EC0-301F-11D3-BF4B-00C04F79EFBC}") = "CatchSmart.Tests", "CatchSmart.Tests\CatchSmart.Tests.csproj", "{778A4FB3-9317-4105-B6B9-155E24C5DD44}"
EndProject
Global
	GlobalSection(SolutionConfigurationPlatforms) = preSolution
		Debug|Any CPU = Debug|Any CPU
		Release|Any CPU = Release|Any CPU
	EndGlobalSection
	GlobalSection(ProjectConfigurationPlatforms) = postSolution
		{31C72C4A-70F0-48A7-918F-424F5ADBCF0A}.Debug|Any CPU.ActiveCfg = Debug|Any CPU
		{31C72C4A-70F0-48A7-918F-424F5ADBCF0A}.Debug|Any CPU.Build.0 = Debug|Any CPU
		{31C72C4A-70F0-48A7-918F-424F5ADBCF0A}.Release|Any CPU.ActiveCfg = Release|Any CPU
		{31C72C4A-70F0-48A7-918F-424F5ADBCF0A}.Release|Any CPU.Build.0 = Release|Any CPU
		{ABFD3C77-EE56-490A-945A-35C840E8FE75}.Debug|Any CPU.ActiveCfg = Debug|Any CPU
		{ABFD3C77-EE56-490A-945A-35C840E8FE75}.Debug|Any CPU.Build.0 = Debug|Any CPU
		{ABFD3C77-EE56-490A-945A-35C840E8FE75}.Release|Any CPU.ActiveCfg = Release|Any CPU
		{ABFD3C77-EE56-490A-945A-35C840E8FE75}.Release|Any CPU.Build.0 = Release|Any CPU
		{74A22016-F2FA-4973-82B7-ED7353710269}.Debug|Any CPU.ActiveCfg = Debug|Any CPU
		{74A22016-F2FA-4973-82B7-ED7353710269}.Debug|Any CPU.Build.0 = Debug|Any CPU
		{74A22016-F2FA-4973-82B7-ED7353710269}.Release|Any CPU.ActiveCfg = Release|Any CPU
		{74A22016-F2FA-4973-82B7-ED7353710269}.Release|Any CPU.Build.0 = Release|Any CPU
		{E724FAE4-9312-4174-92DD-6BF251F705A5}.Debug|Any CPU.ActiveCfg = Debug|Any CPU
		{E724FAE4-9312-4174-92DD-6BF251F705A5}.Debug|Any CPU.Build.0 = Debug|Any CPU
		{E724FAE4-9312-4174-92DD-6BF251F705A5}.Release|Any CPU.ActiveCfg = Release|Any CPU
		{E724FAE4-9312-4174-92DD-6BF251F705A5}.Release|Any CPU.Build.0 = Release|Any CPU
		{778A4FB3-9317-4105-B6B9-155E24C5DD44}.Debug|Any CPU.ActiveCfg = Debug|Any CPU
		{778A4FB3-9317-4105-B6B9-155E24C5DD44}.Debug|Any CPU.Build.0 = Debug|Any CPU
		{778A4FB3-9317-4105-B6B9-155E24C5DD44}.Release|Any CPU.ActiveCfg = Release|Any CPU
		{778A4FB3-9317-4105-B6B9-155E24C5DD44}.Release|Any CPU.Build.0 = Release|Any CPU
	EndGlobalSection
	GlobalSection(SolutionProperties) = preSolution
		HideSolutionNode = FALSE
	EndGlobalSection
	GlobalSection(ExtensibilityGlobals) = postSolution
		SolutionGuid = {37C561FA-46D2-4029-A3EF-CC9115B81A29}
	EndGlobalSection
EndGlobal
